
Microsoft Visual Studio Solution File, Format Version 12.00
# Visual Studio 15
VisualStudioVersion = 15.0.27004.2006
MinimumVisualStudioVersion = 10.0.40219.1
Project("{FAE04EC0-301F-11D3-BF4B-00C04F79EFBC}") = "EqualityAndEquals", "EqualityAndEquals\EqualityAndEquals.csproj", "{CF0C7942-378D-4C07-B893-5D4711F49C2F}"
EndProject
Global
	GlobalSection(SolutionConfigurationPlatforms) = preSolution
		Debug|Any CPU = Debug|Any CPU
		Release|Any CPU = Release|Any CPU
	EndGlobalSection
	GlobalSection(ProjectConfigurationPlatforms) = postSolution
		{CF0C7942-378D-4C07-B893-5D4711F49C2F}.Debug|Any CPU.ActiveCfg = Debug|Any CPU
		{CF0C7942-378D-4C07-B893-5D4711F49C2F}.Debug|Any CPU.Build.0 = Debug|Any CPU
		{CF0C7942-378D-4C07-B893-5D4711F49C2F}.Release|Any CPU.ActiveCfg = Release|Any CPU
		{CF0C7942-378D-4C07-B893-5D4711F49C2F}.Release|Any CPU.Build.0 = Release|Any CPU
	EndGlobalSection
	GlobalSection(SolutionProperties) = preSolution
		HideSolutionNode = FALSE
	EndGlobalSection
	GlobalSection(ExtensibilityGlobals) = postSolution
		SolutionGuid = {5109C337-68DA-4B47-BF18-CF0B7AAD8E50}
	EndGlobalSection
EndGlobal
